github.com/KETI-Hybrid/test2 v0.0.0-20220927091102-165d3150ed4c h1:tKJ287OZuo70cUj7JzuqCZXSZev5SNS+ZAt+R6UCiFg=
github.com/KETI-Hybrid/test2 v0.0.0-20220927091102-165d3150ed4c/go.mod h1:21LQQ/tk5kEGxdmVSiCc67oTku0fPIMFLJ5MWk1M+zA=
github.com/KETI-Hybrid/test2 v0.0.0-20220927091600-d99568580250 h1:1iINuISK5eAninVIHKWGDGwekHrfGo9DMvkY1yDAbuQ=
github.com/KETI-Hybrid/test2 v0.0.0-20220927091600-d99568580250/go.mod h1:21LQQ/tk5kEGxdmVSiCc67oTku0fPIMFLJ5MWk1M+zA=
